
Microsoft Visual Studio Solution File, Format Version 12.00
# Visual Studio Version 17
VisualStudioVersion = 17.12.35728.132 d17.12
MinimumVisualStudioVersion = 10.0.40219.1
Project("{FAE04EC0-301F-11D3-BF4B-00C04F79EFBC}") = "Trænings projekt", "Trænings projekt\Trænings projekt.csproj", "{26D7872F-09D8-4136-BBA4-91F2A81DBACF}"
EndProject
Global
	GlobalSection(SolutionConfigurationPlatforms) = preSolution
		Debug|Any CPU = Debug|Any CPU
		Release|Any CPU = Release|Any CPU
	EndGlobalSection
	GlobalSection(ProjectConfigurationPlatforms) = postSolution
		{26D7872F-09D8-4136-BBA4-91F2A81DBACF}.Debug|Any CPU.ActiveCfg = Debug|Any CPU
		{26D7872F-09D8-4136-BBA4-91F2A81DBACF}.Debug|Any CPU.Build.0 = Debug|Any CPU
		{26D7872F-09D8-4136-BBA4-91F2A81DBACF}.Release|Any CPU.ActiveCfg = Release|Any CPU
		{26D7872F-09D8-4136-BBA4-91F2A81DBACF}.Release|Any CPU.Build.0 = Release|Any CPU
	EndGlobalSection
	GlobalSection(SolutionProperties) = preSolution
		HideSolutionNode = FALSE
	EndGlobalSection
EndGlobal
