
Microsoft Visual Studio Solution File, Format Version 12.00
# Visual Studio Version 17
VisualStudioVersion = 17.12.35728.132 d17.12
MinimumVisualStudioVersion = 10.0.40219.1
Project("{FAE04EC0-301F-11D3-BF4B-00C04F79EFBC}") = "C# Players Guide", "C# Players Guide\C# Players Guide.csproj", "{BE6BC9A9-3D3C-45D2-B676-3E1A8DDA0CEA}"
EndProject
Global
	GlobalSection(SolutionConfigurationPlatforms) = preSolution
		Debug|Any CPU = Debug|Any CPU
		Release|Any CPU = Release|Any CPU
	EndGlobalSection
	GlobalSection(ProjectConfigurationPlatforms) = postSolution
		{BE6BC9A9-3D3C-45D2-B676-3E1A8DDA0CEA}.Debug|Any CPU.ActiveCfg = Debug|Any CPU
		{BE6BC9A9-3D3C-45D2-B676-3E1A8DDA0CEA}.Debug|Any CPU.Build.0 = Debug|Any CPU
		{BE6BC9A9-3D3C-45D2-B676-3E1A8DDA0CEA}.Release|Any CPU.ActiveCfg = Release|Any CPU
		{BE6BC9A9-3D3C-45D2-B676-3E1A8DDA0CEA}.Release|Any CPU.Build.0 = Release|Any CPU
	EndGlobalSection
	GlobalSection(SolutionProperties) = preSolution
		HideSolutionNode = FALSE
	EndGlobalSection
EndGlobal
